// !$*UTF8*$!
{
	archiveVersion = 1;
	classes = {
	};
	objectVersion = 55;
	objects = {

/* Begin PBXBuildFile section */
		886C1DAB27186B9F008ABDCC /* AppDelegate.swift in Sources */ = {isa = PBXBuildFile; fileRef = 886C1DAA27186B9F008ABDCC /* AppDelegate.swift */; };
		886C1DAD27186B9F008ABDCC /* SceneDelegate.swift in Sources */ = {isa = PBXBuildFile; fileRef = 886C1DAC27186B9F008ABDCC /* SceneDelegate.swift */; };
		886C1DAF27186B9F008ABDCC /* ViewController.swift in Sources */ = {isa = PBXBuildFile; fileRef = 886C1DAE27186B9F008ABDCC /* ViewController.swift */; };
		886C1DB227186B9F008ABDCC /* Main.storyboard in Resources */ = {isa = PBXBuildFile; fileRef = 886C1DB027186B9F008ABDCC /* Main.storyboard */; };
		886C1DB427186BA2008ABDCC /* Assets.xcassets in Resources */ = {isa = PBXBuildFile; fileRef = 886C1DB327186BA2008ABDCC /* Assets.xcassets */; };
		886C1DB727186BA2008ABDCC /* LaunchScreen.storyboard in Resources */ = {isa = PBXBuildFile; fileRef = 886C1DB527186BA2008ABDCC /* LaunchScreen.storyboard */; };
		886C1DBF2718713F008ABDCC /* MainViewController.swift in Sources */ = {isa = PBXBuildFile; fileRef = 886C1DBE2718713F008ABDCC /* MainViewController.swift */; };
		886C1DC1271C72FB008ABDCC /* UserActionCell.swift in Sources */ = {isa = PBXBuildFile; fileRef = 886C1DC0271C72FB008ABDCC /* UserActionCell.swift */; };
		888D1B1F272093AB00750F49 /* RoverPhotoViewController.swift in Sources */ = {isa = PBXBuildFile; fileRef = 888D1B1E272093AB00750F49 /* RoverPhotoViewController.swift */; };
		888D1B21272093F100750F49 /* RoverPhoto.swift in Sources */ = {isa = PBXBuildFile; fileRef = 888D1B20272093F100750F49 /* RoverPhoto.swift */; };
		888D1B232720950500750F49 /* RoverPhotoCell.swift in Sources */ = {isa = PBXBuildFile; fileRef = 888D1B222720950500750F49 /* RoverPhotoCell.swift */; };
/* End PBXBuildFile section */

/* Begin PBXFileReference section */
		886C1DA727186B9F008ABDCC /* AboutSpace.app */ = {isa = PBXFileReference; explicitFileType = wrapper.application; includeInIndex = 0; path = AboutSpace.app; sourceTree = BUILT_PRODUCTS_DIR; };
		886C1DAA27186B9F008ABDCC /* AppDelegate.swift */ = {isa = PBXFileReference; lastKnownFileType = sourcecode.swift; path = AppDelegate.swift; sourceTree = "<group>"; };
		886C1DAC27186B9F008ABDCC /* SceneDelegate.swift */ = {isa = PBXFileReference; lastKnownFileType = sourcecode.swift; path = SceneDelegate.swift; sourceTree = "<group>"; };
		886C1DAE27186B9F008ABDCC /* ViewController.swift */ = {isa = PBXFileReference; lastKnownFileType = sourcecode.swift; path = ViewController.swift; sourceTree = "<group>"; };
		886C1DB127186B9F008ABDCC /* Base */ = {isa = PBXFileReference; lastKnownFileType = file.storyboard; name = Base; path = Base.lproj/Main.storyboard; sourceTree = "<group>"; };
		886C1DB327186BA2008ABDCC /* Assets.xcassets */ = {isa = PBXFileReference; lastKnownFileType = folder.assetcatalog; path = Assets.xcassets; sourceTree = "<group>"; };
		886C1DB627186BA2008ABDCC /* Base */ = {isa = PBXFileReference; lastKnownFileType = file.storyboard; name = Base; path = Base.lproj/LaunchScreen.storyboard; sourceTree = "<group>"; };
		886C1DB827186BA2008ABDCC /* Info.plist */ = {isa = PBXFileReference; lastKnownFileType = text.plist.xml; path = Info.plist; sourceTree = "<group>"; };
		886C1DBE2718713F008ABDCC /* MainViewController.swift */ = {isa = PBXFileReference; lastKnownFileType = sourcecode.swift; path = MainViewController.swift; sourceTree = "<group>"; };
		886C1DC0271C72FB008ABDCC /* UserActionCell.swift */ = {isa = PBXFileReference; lastKnownFileType = sourcecode.swift; path = UserActionCell.swift; sourceTree = "<group>"; };
		888D1B1E272093AB00750F49 /* RoverPhotoViewController.swift */ = {isa = PBXFileReference; lastKnownFileType = sourcecode.swift; path = RoverPhotoViewController.swift; sourceTree = "<group>"; };
		888D1B20272093F100750F49 /* RoverPhoto.swift */ = {isa = PBXFileReference; lastKnownFileType = sourcecode.swift; path = RoverPhoto.swift; sourceTree = "<group>"; };
		888D1B222720950500750F49 /* RoverPhotoCell.swift */ = {isa = PBXFileReference; lastKnownFileType = sourcecode.swift; path = RoverPhotoCell.swift; sourceTree = "<group>"; };
/* End PBXFileReference section */

/* Begin PBXFrameworksBuildPhase section */
		886C1DA427186B9F008ABDCC /* Frameworks */ = {
			isa = PBXFrameworksBuildPhase;
			buildActionMask = 2147483647;
			files = (
			);
			runOnlyForDeploymentPostprocessing = 0;
		};
/* End PBXFrameworksBuildPhase section */

/* Begin PBXGroup section */
		886C1D9E27186B9E008ABDCC = {
			isa = PBXGroup;
			children = (
				886C1DA927186B9F008ABDCC /* AboutSpace */,
				886C1DA827186B9F008ABDCC /* Products */,
			);
			sourceTree = "<group>";
		};
		886C1DA827186B9F008ABDCC /* Products */ = {
			isa = PBXGroup;
			children = (
				886C1DA727186B9F008ABDCC /* AboutSpace.app */,
			);
			name = Products;
			sourceTree = "<group>";
		};
		886C1DA927186B9F008ABDCC /* AboutSpace */ = {
			isa = PBXGroup;
			children = (
				886C1DBE2718713F008ABDCC /* MainViewController.swift */,
				888D1B1E272093AB00750F49 /* RoverPhotoViewController.swift */,
				886C1DAE27186B9F008ABDCC /* ViewController.swift */,
				886C1DAA27186B9F008ABDCC /* AppDelegate.swift */,
				886C1DAC27186B9F008ABDCC /* SceneDelegate.swift */,
				886C1DC0271C72FB008ABDCC /* UserActionCell.swift */,
				888D1B222720950500750F49 /* RoverPhotoCell.swift */,
				888D1B20272093F100750F49 /* RoverPhoto.swift */,
				886C1DB027186B9F008ABDCC /* Main.storyboard */,
				886C1DB327186BA2008ABDCC /* Assets.xcassets */,
				886C1DB527186BA2008ABDCC /* LaunchScreen.storyboard */,
				886C1DB827186BA2008ABDCC /* Info.plist */,
			);
			path = AboutSpace;
			sourceTree = "<group>";
		};
/* End PBXGroup section */

/* Begin PBXNativeTarget section */
		886C1DA627186B9F008ABDCC /* AboutSpace */ = {
			isa = PBXNativeTarget;
			buildConfigurationList = 886C1DBB27186BA2008ABDCC /* Build configuration list for PBXNativeTarget "AboutSpace" */;
			buildPhases = (
				886C1DA327186B9F008ABDCC /* Sources */,
				886C1DA427186B9F008ABDCC /* Frameworks */,
				886C1DA527186B9F008ABDCC /* Resources */,
			);
			buildRules = (
			);
			dependencies = (
			);
			name = AboutSpace;
			productName = AboutSpace;
			productReference = 886C1DA727186B9F008ABDCC /* AboutSpace.app */;
			productType = "com.apple.product-type.application";
		};
/* End PBXNativeTarget section */

/* Begin PBXProject section */
		886C1D9F27186B9E008ABDCC /* Project object */ = {
			isa = PBXProject;
			attributes = {
				BuildIndependentTargetsInParallel = 1;
				LastSwiftUpdateCheck = 1300;
				LastUpgradeCheck = 1300;
				TargetAttributes = {
					886C1DA627186B9F008ABDCC = {
						CreatedOnToolsVersion = 13.0;
					};
				};
			};
			buildConfigurationList = 886C1DA227186B9E008ABDCC /* Build configuration list for PBXProject "AboutSpace" */;
			compatibilityVersion = "Xcode 13.0";
			developmentRegion = en;
			hasScannedForEncodings = 0;
			knownRegions = (
				en,
				Base,
			);
			mainGroup = 886C1D9E27186B9E008ABDCC;
			productRefGroup = 886C1DA827186B9F008ABDCC /* Products */;
			projectDirPath = "";
			projectRoot = "";
			targets = (
				886C1DA627186B9F008ABDCC /* AboutSpace */,
			);
		};
/* End PBXProject section */

/* Begin PBXResourcesBuildPhase section */
		886C1DA527186B9F008ABDCC /* Resources */ = {
			isa = PBXResourcesBuildPhase;
			buildActionMask = 2147483647;
			files = (
				886C1DB727186BA2008ABDCC /* LaunchScreen.storyboard in Resources */,
				886C1DB427186BA2008ABDCC /* Assets.xcassets in Resources */,
				886C1DB227186B9F008ABDCC /* Main.storyboard in Resources */,
			);
			runOnlyForDeploymentPostprocessing = 0;
		};
/* End PBXResourcesBuildPhase section */

/* Begin PBXSourcesBuildPhase section */
		886C1DA327186B9F008ABDCC /* Sources */ = {
			isa = PBXSourcesBuildPhase;
			buildActionMask = 2147483647;
			files = (
				886C1DC1271C72FB008ABDCC /* UserActionCell.swift in Sources */,
				886C1DAF27186B9F008ABDCC /* ViewController.swift in Sources */,
				886C1DAB27186B9F008ABDCC /* AppDelegate.swift in Sources */,
				886C1DAD27186B9F008ABDCC /* SceneDelegate.swift in Sources */,
				888D1B21272093F100750F49 /* RoverPhoto.swift in Sources */,
				888D1B1F272093AB00750F49 /* RoverPhotoViewController.swift in Sources */,
				886C1DBF2718713F008ABDCC /* MainViewController.swift in Sources */,
				888D1B232720950500750F49 /* RoverPhotoCell.swift in Sources */,
			);
			runOnlyForDeploymentPostprocessing = 0;
		};
/* End PBXSourcesBuildPhase section */

/* Begin PBXVariantGroup section */
		886C1DB027186B9F008ABDCC /* Main.storyboard */ = {
			isa = PBXVariantGroup;
			children = (
				886C1DB127186B9F008ABDCC /* Base */,
			);
			name = Main.storyboard;
			sourceTree = "<group>";
		};
		886C1DB527186BA2008ABDCC /* LaunchScreen.storyboard */ = {
			isa = PBXVariantGroup;
			children = (
				886C1DB627186BA2008ABDCC /* Base */,
			);
			name = LaunchScreen.storyboard;
			sourceTree = "<group>";
		};
/* End PBXVariantGroup section */

/* Begin XCBuildConfiguration section */
		886C1DB927186BA2008ABDCC /* Debug */ = {
			isa = XCBuildConfiguration;
			buildSettings = {
				ALWAYS_SEARCH_USER_PATHS = NO;
				CLANG_ANALYZER_NONNULL = YES;
				CLANG_ANALYZER_NUMBER_OBJECT_CONVERSION = YES_AGGRESSIVE;
				CLANG_CXX_LANGUAGE_STANDARD = "gnu++17";
				CLANG_CXX_LIBRARY = "libc++";
				CLANG_ENABLE_MODULES = YES;
				CLANG_ENABLE_OBJC_ARC = YES;
				CLANG_ENABLE_OBJC_WEAK = YES;
				CLANG_WARN_BLOCK_CAPTURE_AUTORELEASING = YES;
				CLANG_WARN_BOOL_CONVERSION = YES;
				CLANG_WARN_COMMA = YES;
				CLANG_WARN_CONSTANT_CONVERSION = YES;
				CLANG_WARN_DEPRECATED_OBJC_IMPLEMENTATIONS = YES;
				CLANG_WARN_DIRECT_OBJC_ISA_USAGE = YES_ERROR;
				CLANG_WARN_DOCUMENTATION_COMMENTS = YES;
				CLANG_WARN_EMPTY_BODY = YES;
				CLANG_WARN_ENUM_CONVERSION = YES;
				CLANG_WARN_INFINITE_RECURSION = YES;
				CLANG_WARN_INT_CONVERSION = YES;
				CLANG_WARN_NON_LITERAL_NULL_CONVERSION = YES;
				CLANG_WARN_OBJC_IMPLICIT_RETAIN_SELF = YES;
				CLANG_WARN_OBJC_LITERAL_CONVERSION = YES;
				CLANG_WARN_OBJC_ROOT_CLASS = YES_ERROR;
				CLANG_WARN_QUOTED_INCLUDE_IN_FRAMEWORK_HEADER = YES;
				CLANG_WARN_RANGE_LOOP_ANALYSIS = YES;
				CLANG_WARN_STRICT_PROTOTYPES = YES;
				CLANG_WARN_SUSPICIOUS_MOVE = YES;
				CLANG_WARN_UNGUARDED_AVAILABILITY = YES_AGGRESSIVE;
				CLANG_WARN_UNREACHABLE_CODE = YES;
				CLANG_WARN__DUPLICATE_METHOD_MATCH = YES;
				COPY_PHASE_STRIP = NO;
				DEBUG_INFORMATION_FORMAT = dwarf;
				ENABLE_STRICT_OBJC_MSGSEND = YES;
				ENABLE_TESTABILITY = YES;
				GCC_C_LANGUAGE_STANDARD = gnu11;
				GCC_DYNAMIC_NO_PIC = NO;
				GCC_NO_COMMON_BLOCKS = YES;
				GCC_OPTIMIZATION_LEVEL = 0;
				GCC_PREPROCESSOR_DEFINITIONS = (
					"DEBUG=1",
					"$(inherited)",
				);
				GCC_WARN_64_TO_32_BIT_CONVERSION = YES;
				GCC_WARN_ABOUT_RETURN_TYPE = YES_ERROR;
				GCC_WARN_UNDECLARED_SELECTOR = YES;
				GCC_WARN_UNINITIALIZED_AUTOS = YES_AGGRESSIVE;
				GCC_WARN_UNUSED_FUNCTION = YES;
				GCC_WARN_UNUSED_VARIABLE = YES;
				IPHONEOS_DEPLOYMENT_TARGET = 15.0;
				MTL_ENABLE_DEBUG_INFO = INCLUDE_SOURCE;
				MTL_FAST_MATH = YES;
				ONLY_ACTIVE_ARCH = YES;
				SDKROOT = iphoneos;
				SWIFT_ACTIVE_COMPILATION_CONDITIONS = DEBUG;
				SWIFT_OPTIMIZATION_LEVEL = "-Onone";
			};
			name = Debug;
		};
		886C1DBA27186BA2008ABDCC /* Release */ = {
			isa = XCBuildConfiguration;
			buildSettings = {
				ALWAYS_SEARCH_USER_PATHS = NO;
				CLANG_ANALYZER_NONNULL = YES;
				CLANG_ANALYZER_NUMBER_OBJECT_CONVERSION = YES_AGGRESSIVE;
				CLANG_CXX_LANGUAGE_STANDARD = "gnu++17";
				CLANG_CXX_LIBRARY = "libc++";
				CLANG_ENABLE_MODULES = YES;
				CLANG_ENABLE_OBJC_ARC = YES;
				CLANG_ENABLE_OBJC_WEAK = YES;
				CLANG_WARN_BLOCK_CAPTURE_AUTORELEASING = YES;
				CLANG_WARN_BOOL_CONVERSION = YES;
				CLANG_WARN_COMMA = YES;
				CLANG_WARN_CONSTANT_CONVERSION = YES;
				CLANG_WARN_DEPRECATED_OBJC_IMPLEMENTATIONS = YES;
				CLANG_WARN_DIRECT_OBJC_ISA_USAGE = YES_ERROR;
				CLANG_WARN_DOCUMENTATION_COMMENTS = YES;
				CLANG_WARN_EMPTY_BODY = YES;
				CLANG_WARN_ENUM_CONVERSION = YES;
				CLANG_WARN_INFINITE_RECURSION = YES;
				CLANG_WARN_INT_CONVERSION = YES;
				CLANG_WARN_NON_LITERAL_NULL_CONVERSION = YES;
				CLANG_WARN_OBJC_IMPLICIT_RETAIN_SELF = YES;
				CLANG_WARN_OBJC_LITERAL_CONVERSION = YES;
				CLANG_WARN_OBJC_ROOT_CLASS = YES_ERROR;
				CLANG_WARN_QUOTED_INCLUDE_IN_FRAMEWORK_HEADER = YES;
				CLANG_WARN_RANGE_LOOP_ANALYSIS = YES;
				CLANG_WARN_STRICT_PROTOTYPES = YES;
				CLANG_WARN_SUSPICIOUS_MOVE = YES;
				CLANG_WARN_UNGUARDED_AVAILABILITY = YES_AGGRESSIVE;
				CLANG_WARN_UNREACHABLE_CODE = YES;
				CLANG_WARN__DUPLICATE_METHOD_MATCH = YES;
				COPY_PHASE_STRIP = NO;
				DEBUG_INFORMATION_FORMAT = "dwarf-with-dsym";
				ENABLE_NS_ASSERTIONS = NO;
				ENABLE_STRICT_OBJC_MSGSEND = YES;
				GCC_C_LANGUAGE_STANDARD = gnu11;
				GCC_NO_COMMON_BLOCKS = YES;
				GCC_WARN_64_TO_32_BIT_CONVERSION = YES;
				GCC_WARN_ABOUT_RETURN_TYPE = YES_ERROR;
				GCC_WARN_UNDECLARED_SELECTOR = YES;
				GCC_WARN_UNINITIALIZED_AUTOS = YES_AGGRESSIVE;
				GCC_WARN_UNUSED_FUNCTION = YES;
				GCC_WARN_UNUSED_VARIABLE = YES;
				IPHONEOS_DEPLOYMENT_TARGET = 15.0;
				MTL_ENABLE_DEBUG_INFO = NO;
				MTL_FAST_MATH = YES;
				SDKROOT = iphoneos;
				SWIFT_COMPILATION_MODE = wholemodule;
				SWIFT_OPTIMIZATION_LEVEL = "-O";
				VALIDATE_PRODUCT = YES;
			};
			name = Release;
		};
		886C1DBC27186BA2008ABDCC /* Debug */ = {
			isa = XCBuildConfiguration;
			buildSettings = {
				ASSETCATALOG_COMPILER_APPICON_NAME = AppIcon;
				ASSETCATALOG_COMPILER_GLOBAL_ACCENT_COLOR_NAME = AccentColor;
				CODE_SIGN_STYLE = Automatic;
				CURRENT_PROJECT_VERSION = 1;
				DEVELOPMENT_TEAM = QQ7NB58NL6;
				GENERATE_INFOPLIST_FILE = YES;
				INFOPLIST_FILE = AboutSpace/Info.plist;
				INFOPLIST_KEY_UIApplicationSupportsIndirectInputEvents = YES;
				INFOPLIST_KEY_UILaunchStoryboardName = LaunchScreen;
				INFOPLIST_KEY_UIMainStoryboardFile = Main;
				INFOPLIST_KEY_UISupportedInterfaceOrientations_iPad = "UIInterfaceOrientationPortrait UIInterfaceOrientationPortraitUpsideDown UIInterfaceOrientationLandscapeLeft UIInterfaceOrientationLandscapeRight";
				INFOPLIST_KEY_UISupportedInterfaceOrientations_iPhone = "UIInterfaceOrientationPortrait UIInterfaceOrientationLandscapeLeft UIInterfaceOrientationLandscapeRight";
				LD_RUNPATH_SEARCH_PATHS = (
					"$(inherited)",
					"@executable_path/Frameworks",
				);
				MARKETING_VERSION = 1.0;
				PRODUCT_BUNDLE_IDENTIFIER = ru.swiftbook.AboutSpace;
				PRODUCT_NAME = "$(TARGET_NAME)";
				SWIFT_EMIT_LOC_STRINGS = YES;
				SWIFT_VERSION = 5.0;
				TARGETED_DEVICE_FAMILY = 1;
			};
			name = Debug;
		};
		886C1DBD27186BA2008ABDCC /* Release */ = {
			isa = XCBuildConfiguration;
			buildSettings = {
				ASSETCATALOG_COMPILER_APPICON_NAME = AppIcon;
				ASSETCATALOG_COMPILER_GLOBAL_ACCENT_COLOR_NAME = AccentColor;
				CODE_SIGN_STYLE = Automatic;
				CURRENT_PROJECT_VERSION = 1;
				DEVELOPMENT_TEAM = QQ7NB58NL6;
				GENERATE_INFOPLIST_FILE = YES;
				INFOPLIST_FILE = AboutSpace/Info.plist;
				INFOPLIST_KEY_UIApplicationSupportsIndirectInputEvents = YES;
				INFOPLIST_KEY_UILaunchStoryboardName = LaunchScreen;
				INFOPLIST_KEY_UIMainStoryboardFile = Main;
				INFOPLIST_KEY_UISupportedInterfaceOrientations_iPad = "UIInterfaceOrientationPortrait UIInterfaceOrientationPortraitUpsideDown UIInterfaceOrientationLandscapeLeft UIInterfaceOrientationLandscapeRight";
				INFOPLIST_KEY_UISupportedInterfaceOrientations_iPhone = "UIInterfaceOrientationPortrait UIInterfaceOrientationLandscapeLeft UIInterfaceOrientationLandscapeRight";
				LD_RUNPATH_SEARCH_PATHS = (
					"$(inherited)",
					"@executable_path/Frameworks",
				);
				MARKETING_VERSION = 1.0;
				PRODUCT_BUNDLE_IDENTIFIER = ru.swiftbook.AboutSpace;
				PRODUCT_NAME = "$(TARGET_NAME)";
				SWIFT_EMIT_LOC_STRINGS = YES;
				SWIFT_VERSION = 5.0;
				TARGETED_DEVICE_FAMILY = 1;
			};
			name = Release;
		};
/* End XCBuildConfiguration section */

/* Begin XCConfigurationList section */
		886C1DA227186B9E008ABDCC /* Build configuration list for PBXProject "AboutSpace" */ = {
			isa = XCConfigurationList;
			buildConfigurations = (
				886C1DB927186BA2008ABDCC /* Debug */,
				886C1DBA27186BA2008ABDCC /* Release */,
			);
			defaultConfigurationIsVisible = 0;
			defaultConfigurationName = Release;
		};
		886C1DBB27186BA2008ABDCC /* Build configuration list for PBXNativeTarget "AboutSpace" */ = {
			isa = XCConfigurationList;
			buildConfigurations = (
				886C1DBC27186BA2008ABDCC /* Debug */,
				886C1DBD27186BA2008ABDCC /* Release */,
			);
			defaultConfigurationIsVisible = 0;
			defaultConfigurationName = Release;
		};
/* End XCConfigurationList section */
	};
	rootObject = 886C1D9F27186B9E008ABDCC /* Project object */;
}
